
Microsoft Visual Studio Solution File, Format Version 12.00
# Visual Studio Version 17
VisualStudioVersion = 17.1.32210.238
MinimumVisualStudioVersion = 10.0.40219.1
Project("{FAE04EC0-301F-11D3-BF4B-00C04F79EFBC}") = "tpmodul6_kelompok_7", "tpmodul6_kelompok_7\tpmodul6_kelompok_7.csproj", "{6AC7217B-2C5C-49AA-A9DD-D1FAC4EC468B}"
EndProject
Global
	GlobalSection(SolutionConfigurationPlatforms) = preSolution
		Debug|Any CPU = Debug|Any CPU
		Release|Any CPU = Release|Any CPU
	EndGlobalSection
	GlobalSection(ProjectConfigurationPlatforms) = postSolution
		{6AC7217B-2C5C-49AA-A9DD-D1FAC4EC468B}.Debug|Any CPU.ActiveCfg = Debug|Any CPU
		{6AC7217B-2C5C-49AA-A9DD-D1FAC4EC468B}.Debug|Any CPU.Build.0 = Debug|Any CPU
		{6AC7217B-2C5C-49AA-A9DD-D1FAC4EC468B}.Release|Any CPU.ActiveCfg = Release|Any CPU
		{6AC7217B-2C5C-49AA-A9DD-D1FAC4EC468B}.Release|Any CPU.Build.0 = Release|Any CPU
	EndGlobalSection
	GlobalSection(SolutionProperties) = preSolution
		HideSolutionNode = FALSE
	EndGlobalSection
	GlobalSection(ExtensibilityGlobals) = postSolution
		SolutionGuid = {2F2CE729-C5A2-40B2-A74D-469FFD1B19E8}
	EndGlobalSection
EndGlobal
